
Microsoft Visual Studio Solution File, Format Version 12.00
# Visual Studio Version 16
VisualStudioVersion = 16.0.30309.148
MinimumVisualStudioVersion = 10.0.40219.1
Project("{8BC9CEB8-8B4A-11D0-8D11-00A0C91BC942}") = "DOC_SMALLMAP_1_16_2", "DOC_SMALLMAP_1_16_2.vcxproj", "{247FCAA3-D702-4AF9-9DD1-621939BED344}"
EndProject
Global
	GlobalSection(SolutionConfigurationPlatforms) = preSolution
		Debug|x64 = Debug|x64
		Debug|x86 = Debug|x86
		Release|x64 = Release|x64
		Release|x86 = Release|x86
	EndGlobalSection
	GlobalSection(ProjectConfigurationPlatforms) = postSolution
		{247FCAA3-D702-4AF9-9DD1-621939BED344}.Debug|x64.ActiveCfg = Debug|x64
		{247FCAA3-D702-4AF9-9DD1-621939BED344}.Debug|x64.Build.0 = Debug|x64
		{247FCAA3-D702-4AF9-9DD1-621939BED344}.Debug|x86.ActiveCfg = Debug|Win32
		{247FCAA3-D702-4AF9-9DD1-621939BED344}.Debug|x86.Build.0 = Debug|Win32
		{247FCAA3-D702-4AF9-9DD1-621939BED344}.Release|x64.ActiveCfg = Release|x64
		{247FCAA3-D702-4AF9-9DD1-621939BED344}.Release|x64.Build.0 = Release|x64
		{247FCAA3-D702-4AF9-9DD1-621939BED344}.Release|x86.ActiveCfg = Release|Win32
		{247FCAA3-D702-4AF9-9DD1-621939BED344}.Release|x86.Build.0 = Release|Win32
	EndGlobalSection
	GlobalSection(SolutionProperties) = preSolution
		HideSolutionNode = FALSE
	EndGlobalSection
	GlobalSection(ExtensibilityGlobals) = postSolution
		SolutionGuid = {29D33157-EB00-4FD5-9972-42794534714E}
	EndGlobalSection
EndGlobal
